
Microsoft Visual Studio Solution File, Format Version 12.00
# Visual Studio Version 17
VisualStudioVersion = 17.0.32014.148
MinimumVisualStudioVersion = 10.0.40219.1
Project("{9A19103F-16F7-4668-BE54-9A1E7A4F7556}") = "OpenTimerResolution", "OpenTimerResolution.csproj", "{8A577748-FBC9-47E2-8404-E579CF97EB4C}"
EndProject
Global
	GlobalSection(SolutionConfigurationPlatforms) = preSolution
		Debug|Any CPU = Debug|Any CPU
		Release|Any CPU = Release|Any CPU
	EndGlobalSection
	GlobalSection(ProjectConfigurationPlatforms) = postSolution
		{8A577748-FBC9-47E2-8404-E579CF97EB4C}.Debug|Any CPU.ActiveCfg = Debug|Any CPU
		{8A577748-FBC9-47E2-8404-E579CF97EB4C}.Debug|Any CPU.Build.0 = Debug|Any CPU
		{8A577748-FBC9-47E2-8404-E579CF97EB4C}.Release|Any CPU.ActiveCfg = Release|Any CPU
		{8A577748-FBC9-47E2-8404-E579CF97EB4C}.Release|Any CPU.Build.0 = Release|Any CPU
	EndGlobalSection
	GlobalSection(SolutionProperties) = preSolution
		HideSolutionNode = FALSE
	EndGlobalSection
	GlobalSection(ExtensibilityGlobals) = postSolution
		SolutionGuid = {A7B7F1D2-77DD-4037-B812-6741F18AE265}
	EndGlobalSection
EndGlobal
